
Microsoft Visual Studio Solution File, Format Version 10.00
# Visual Studio 2008
Project("{FAE04EC0-301F-11D3-BF4B-00C04F79EFBC}") = "MechICQ", "MechICQ\MechICQ.csproj", "{1EA22E32-633F-4D71-95D7-E09B3D81E03C}"
EndProject
Global
	GlobalSection(SolutionConfigurationPlatforms) = preSolution
		Debug|Any CPU = Debug|Any CPU
		Release|Any CPU = Release|Any CPU
	EndGlobalSection
	GlobalSection(ProjectConfigurationPlatforms) = postSolution
		{1EA22E32-633F-4D71-95D7-E09B3D81E03C}.Debug|Any CPU.ActiveCfg = Debug|Any CPU
		{1EA22E32-633F-4D71-95D7-E09B3D81E03C}.Debug|Any CPU.Build.0 = Debug|Any CPU
		{1EA22E32-633F-4D71-95D7-E09B3D81E03C}.Release|Any CPU.ActiveCfg = Release|Any CPU
		{1EA22E32-633F-4D71-95D7-E09B3D81E03C}.Release|Any CPU.Build.0 = Release|Any CPU
	EndGlobalSection
	GlobalSection(SolutionProperties) = preSolution
		HideSolutionNode = FALSE
	EndGlobalSection
EndGlobal
